// !$*UTF8*$!
{
	archiveVersion = 1;
	classes = {
	};
	objectVersion = 50;
	objects = {

/* Begin PBXBuildFile section */
		1984451F2520253400C5E4F9 /* WidgetLaunchViewController.swift in Sources */ = {isa = PBXBuildFile; fileRef = 1984451E2520253400C5E4F9 /* WidgetLaunchViewController.swift */; };
		1984453425202F4400C5E4F9 /* XXXData.swift in Sources */ = {isa = PBXBuildFile; fileRef = 1984453325202F4400C5E4F9 /* XXXData.swift */; };
		1984453525202F4400C5E4F9 /* XXXData.swift in Sources */ = {isa = PBXBuildFile; fileRef = 1984453325202F4400C5E4F9 /* XXXData.swift */; };
		19D88AA3251CC0AB0023CB97 /* AppDelegate.swift in Sources */ = {isa = PBXBuildFile; fileRef = 19D88AA2251CC0AB0023CB97 /* AppDelegate.swift */; };
		19D88AA7251CC0AB0023CB97 /* ViewController.swift in Sources */ = {isa = PBXBuildFile; fileRef = 19D88AA6251CC0AB0023CB97 /* ViewController.swift */; };
		19D88AAA251CC0AB0023CB97 /* Main.storyboard in Resources */ = {isa = PBXBuildFile; fileRef = 19D88AA8251CC0AB0023CB97 /* Main.storyboard */; };
		19D88AAC251CC0AD0023CB97 /* Assets.xcassets in Resources */ = {isa = PBXBuildFile; fileRef = 19D88AAB251CC0AD0023CB97 /* Assets.xcassets */; };
		19D88AAF251CC0AD0023CB97 /* LaunchScreen.storyboard in Resources */ = {isa = PBXBuildFile; fileRef = 19D88AAD251CC0AD0023CB97 /* LaunchScreen.storyboard */; };
		19D88ABA251CC0AD0023CB97 /* WidgetDemoTests.swift in Sources */ = {isa = PBXBuildFile; fileRef = 19D88AB9251CC0AD0023CB97 /* WidgetDemoTests.swift */; };
		19D88AC5251CC0AD0023CB97 /* WidgetDemoUITests.swift in Sources */ = {isa = PBXBuildFile; fileRef = 19D88AC4251CC0AD0023CB97 /* WidgetDemoUITests.swift */; };
		19D88ADC251CC0BF0023CB97 /* WidgetKit.framework in Frameworks */ = {isa = PBXBuildFile; fileRef = 19D88ADB251CC0BF0023CB97 /* WidgetKit.framework */; };
		19D88ADE251CC0BF0023CB97 /* SwiftUI.framework in Frameworks */ = {isa = PBXBuildFile; fileRef = 19D88ADD251CC0BF0023CB97 /* SwiftUI.framework */; };
		19D88AE1251CC0BF0023CB97 /* XXXWidget.swift in Sources */ = {isa = PBXBuildFile; fileRef = 19D88AE0251CC0BF0023CB97 /* XXXWidget.swift */; };
		19D88AE3251CC0C00023CB97 /* Assets.xcassets in Resources */ = {isa = PBXBuildFile; fileRef = 19D88AE2251CC0C00023CB97 /* Assets.xcassets */; };
		19D88AE7251CC0C00023CB97 /* XXXWidgetExtension.appex in Embed App Extensions */ = {isa = PBXBuildFile; fileRef = 19D88AD9251CC0BF0023CB97 /* XXXWidgetExtension.appex */; settings = {ATTRIBUTES = (RemoveHeadersOnCopy, ); }; };
		19E43AC72521888100D14AFD /* AnimalWidget.intentdefinition in Sources */ = {isa = PBXBuildFile; fileRef = 19F07BB225207D2700249B9F /* AnimalWidget.intentdefinition */; };
		19E43AD22521888F00D14AFD /* AnimalWidget.intentdefinition in Sources */ = {isa = PBXBuildFile; fileRef = 19F07BB225207D2700249B9F /* AnimalWidget.intentdefinition */; };
		19F07BAD25207D2700249B9F /* WidgetKit.framework in Frameworks */ = {isa = PBXBuildFile; fileRef = 19D88ADB251CC0BF0023CB97 /* WidgetKit.framework */; };
		19F07BAE25207D2700249B9F /* SwiftUI.framework in Frameworks */ = {isa = PBXBuildFile; fileRef = 19D88ADD251CC0BF0023CB97 /* SwiftUI.framework */; };
		19F07BB125207D2700249B9F /* AnimalWidget.swift in Sources */ = {isa = PBXBuildFile; fileRef = 19F07BB025207D2700249B9F /* AnimalWidget.swift */; };
		19F07BB425207D2800249B9F /* Assets.xcassets in Resources */ = {isa = PBXBuildFile; fileRef = 19F07BB325207D2800249B9F /* Assets.xcassets */; };
		19F07BBA25207D2800249B9F /* AnimalWidgetExtension.appex in Embed App Extensions */ = {isa = PBXBuildFile; fileRef = 19F07BAC25207D2700249B9F /* AnimalWidgetExtension.appex */; settings = {ATTRIBUTES = (RemoveHeadersOnCopy, ); }; };
		19F07C032520814B00249B9F /* IntentHandler.swift in Sources */ = {isa = PBXBuildFile; fileRef = 19F07C002520814B00249B9F /* IntentHandler.swift */; };
		19FDCDA125218CE4001E227F /* XXXData.swift in Sources */ = {isa = PBXBuildFile; fileRef = 1984453325202F4400C5E4F9 /* XXXData.swift */; };
		19FDCDAA2521B146001E227F /* AnimalWidget.intentdefinition in Sources */ = {isa = PBXBuildFile; fileRef = 19F07BB225207D2700249B9F /* AnimalWidget.intentdefinition */; };
		19FDCDE32521C1C6001E227F /* AnimalWidget.swift in Sources */ = {isa = PBXBuildFile; fileRef = 19F07BB025207D2700249B9F /* AnimalWidget.swift */; };
		19FDCE252521D701001E227F /* AnimalWidget.swift in Sources */ = {isa = PBXBuildFile; fileRef = 19F07BB025207D2700249B9F /* AnimalWidget.swift */; };
/* End PBXBuildFile section */

/* Begin PBXContainerItemProxy section */
		19D88AB6251CC0AD0023CB97 /* PBXContainerItemProxy */ = {
			isa = PBXContainerItemProxy;
			containerPortal = 19D88A97251CC0AB0023CB97 /* Project object */;
			proxyType = 1;
			remoteGlobalIDString = 19D88A9E251CC0AB0023CB97;
			remoteInfo = WidgetDemo;
		};
		19D88AC1251CC0AD0023CB97 /* PBXContainerItemProxy */ = {
			isa = PBXContainerItemProxy;
			containerPortal = 19D88A97251CC0AB0023CB97 /* Project object */;
			proxyType = 1;
			remoteGlobalIDString = 19D88A9E251CC0AB0023CB97;
			remoteInfo = WidgetDemo;
		};
		19D88AE5251CC0C00023CB97 /* PBXContainerItemProxy */ = {
			isa = PBXContainerItemProxy;
			containerPortal = 19D88A97251CC0AB0023CB97 /* Project object */;
			proxyType = 1;
			remoteGlobalIDString = 19D88AD8251CC0BF0023CB97;
			remoteInfo = XXXWidgetExtension;
		};
		19F07BB825207D2800249B9F /* PBXContainerItemProxy */ = {
			isa = PBXContainerItemProxy;
			containerPortal = 19D88A97251CC0AB0023CB97 /* Project object */;
			proxyType = 1;
			remoteGlobalIDString = 19F07BAB25207D2700249B9F;
			remoteInfo = AnimalWidgetExtension;
		};
/* End PBXContainerItemProxy section */

/* Begin PBXCopyFilesBuildPhase section */
		19D88AEB251CC0C00023CB97 /* Embed App Extensions */ = {
			isa = PBXCopyFilesBuildPhase;
			buildActionMask = 2147483647;
			dstPath = "";
			dstSubfolderSpec = 13;
			files = (
				19F07BBA25207D2800249B9F /* AnimalWidgetExtension.appex in Embed App Extensions */,
				19D88AE7251CC0C00023CB97 /* XXXWidgetExtension.appex in Embed App Extensions */,
			);
			name = "Embed App Extensions";
			runOnlyForDeploymentPostprocessing = 0;
		};
/* End PBXCopyFilesBuildPhase section */

/* Begin PBXFileReference section */
		1984451E2520253400C5E4F9 /* WidgetLaunchViewController.swift */ = {isa = PBXFileReference; lastKnownFileType = sourcecode.swift; path = WidgetLaunchViewController.swift; sourceTree = "<group>"; };
		1984453325202F4400C5E4F9 /* XXXData.swift */ = {isa = PBXFileReference; lastKnownFileType = sourcecode.swift; path = XXXData.swift; sourceTree = "<group>"; };
		19D88A9F251CC0AB0023CB97 /* WidgetDemo.app */ = {isa = PBXFileReference; explicitFileType = wrapper.application; includeInIndex = 0; path = WidgetDemo.app; sourceTree = BUILT_PRODUCTS_DIR; };
		19D88AA2251CC0AB0023CB97 /* AppDelegate.swift */ = {isa = PBXFileReference; lastKnownFileType = sourcecode.swift; path = AppDelegate.swift; sourceTree = "<group>"; };
		19D88AA6251CC0AB0023CB97 /* ViewController.swift */ = {isa = PBXFileReference; lastKnownFileType = sourcecode.swift; path = ViewController.swift; sourceTree = "<group>"; };
		19D88AA9251CC0AB0023CB97 /* Base */ = {isa = PBXFileReference; lastKnownFileType = file.storyboard; name = Base; path = Base.lproj/Main.storyboard; sourceTree = "<group>"; };
		19D88AAB251CC0AD0023CB97 /* Assets.xcassets */ = {isa = PBXFileReference; lastKnownFileType = folder.assetcatalog; path = Assets.xcassets; sourceTree = "<group>"; };
		19D88AAE251CC0AD0023CB97 /* Base */ = {isa = PBXFileReference; lastKnownFileType = file.storyboard; name = Base; path = Base.lproj/LaunchScreen.storyboard; sourceTree = "<group>"; };
		19D88AB0251CC0AD0023CB97 /* Info.plist */ = {isa = PBXFileReference; lastKnownFileType = text.plist.xml; path = Info.plist; sourceTree = "<group>"; };
		19D88AB5251CC0AD0023CB97 /* WidgetDemoTests.xctest */ = {isa = PBXFileReference; explicitFileType = wrapper.cfbundle; includeInIndex = 0; path = WidgetDemoTests.xctest; sourceTree = BUILT_PRODUCTS_DIR; };
		19D88AB9251CC0AD0023CB97 /* WidgetDemoTests.swift */ = {isa = PBXFileReference; lastKnownFileType = sourcecode.swift; path = WidgetDemoTests.swift; sourceTree = "<group>"; };
		19D88ABB251CC0AD0023CB97 /* Info.plist */ = {isa = PBXFileReference; lastKnownFileType = text.plist.xml; path = Info.plist; sourceTree = "<group>"; };
		19D88AC0251CC0AD0023CB97 /* WidgetDemoUITests.xctest */ = {isa = PBXFileReference; explicitFileType = wrapper.cfbundle; includeInIndex = 0; path = WidgetDemoUITests.xctest; sourceTree = BUILT_PRODUCTS_DIR; };
		19D88AC4251CC0AD0023CB97 /* WidgetDemoUITests.swift */ = {isa = PBXFileReference; lastKnownFileType = sourcecode.swift; path = WidgetDemoUITests.swift; sourceTree = "<group>"; };
		19D88AC6251CC0AD0023CB97 /* Info.plist */ = {isa = PBXFileReference; lastKnownFileType = text.plist.xml; path = Info.plist; sourceTree = "<group>"; };
		19D88AD9251CC0BF0023CB97 /* XXXWidgetExtension.appex */ = {isa = PBXFileReference; explicitFileType = "wrapper.app-extension"; includeInIndex = 0; path = XXXWidgetExtension.appex; sourceTree = BUILT_PRODUCTS_DIR; };
		19D88ADB251CC0BF0023CB97 /* WidgetKit.framework */ = {isa = PBXFileReference; lastKnownFileType = wrapper.framework; name = WidgetKit.framework; path = System/Library/Frameworks/WidgetKit.framework; sourceTree = SDKROOT; };
		19D88ADD251CC0BF0023CB97 /* SwiftUI.framework */ = {isa = PBXFileReference; lastKnownFileType = wrapper.framework; name = SwiftUI.framework; path = System/Library/Frameworks/SwiftUI.framework; sourceTree = SDKROOT; };
		19D88AE0251CC0BF0023CB97 /* XXXWidget.swift */ = {isa = PBXFileReference; lastKnownFileType = sourcecode.swift; path = XXXWidget.swift; sourceTree = "<group>"; };
		19D88AE2251CC0C00023CB97 /* Assets.xcassets */ = {isa = PBXFileReference; lastKnownFileType = folder.assetcatalog; path = Assets.xcassets; sourceTree = "<group>"; };
		19D88AE4251CC0C00023CB97 /* Info.plist */ = {isa = PBXFileReference; lastKnownFileType = text.plist.xml; path = Info.plist; sourceTree = "<group>"; };
		19F07BAC25207D2700249B9F /* AnimalWidgetExtension.appex */ = {isa = PBXFileReference; explicitFileType = "wrapper.app-extension"; includeInIndex = 0; path = AnimalWidgetExtension.appex; sourceTree = BUILT_PRODUCTS_DIR; };
		19F07BB025207D2700249B9F /* AnimalWidget.swift */ = {isa = PBXFileReference; lastKnownFileType = sourcecode.swift; path = AnimalWidget.swift; sourceTree = "<group>"; };
		19F07BB225207D2700249B9F /* AnimalWidget.intentdefinition */ = {isa = PBXFileReference; lastKnownFileType = file.intentdefinition; path = AnimalWidget.intentdefinition; sourceTree = "<group>"; };
		19F07BB325207D2800249B9F /* Assets.xcassets */ = {isa = PBXFileReference; lastKnownFileType = folder.assetcatalog; path = Assets.xcassets; sourceTree = "<group>"; };
		19F07BB525207D2800249B9F /* Info.plist */ = {isa = PBXFileReference; lastKnownFileType = text.plist.xml; path = Info.plist; sourceTree = "<group>"; };
		19F07C002520814B00249B9F /* IntentHandler.swift */ = {isa = PBXFileReference; lastKnownFileType = sourcecode.swift; path = IntentHandler.swift; sourceTree = "<group>"; };
/* End PBXFileReference section */

/* Begin PBXFrameworksBuildPhase section */
		19D88A9C251CC0AB0023CB97 /* Frameworks */ = {
			isa = PBXFrameworksBuildPhase;
			buildActionMask = 2147483647;
			files = (
			);
			runOnlyForDeploymentPostprocessing = 0;
		};
		19D88AB2251CC0AD0023CB97 /* Frameworks */ = {
			isa = PBXFrameworksBuildPhase;
			buildActionMask = 2147483647;
			files = (
			);
			runOnlyForDeploymentPostprocessing = 0;
		};
		19D88ABD251CC0AD0023CB97 /* Frameworks */ = {
			isa = PBXFrameworksBuildPhase;
			buildActionMask = 2147483647;
			files = (
			);
			runOnlyForDeploymentPostprocessing = 0;
		};
		19D88AD6251CC0BF0023CB97 /* Frameworks */ = {
			isa = PBXFrameworksBuildPhase;
			buildActionMask = 2147483647;
			files = (
				19D88ADE251CC0BF0023CB97 /* SwiftUI.framework in Frameworks */,
				19D88ADC251CC0BF0023CB97 /* WidgetKit.framework in Frameworks */,
			);
			runOnlyForDeploymentPostprocessing = 0;
		};
		19F07BA925207D2700249B9F /* Frameworks */ = {
			isa = PBXFrameworksBuildPhase;
			buildActionMask = 2147483647;
			files = (
				19F07BAE25207D2700249B9F /* SwiftUI.framework in Frameworks */,
				19F07BAD25207D2700249B9F /* WidgetKit.framework in Frameworks */,
			);
			runOnlyForDeploymentPostprocessing = 0;
		};
/* End PBXFrameworksBuildPhase section */

/* Begin PBXGroup section */
		19D88A96251CC0AB0023CB97 = {
			isa = PBXGroup;
			children = (
				19D88AA1251CC0AB0023CB97 /* WidgetDemo */,
				19D88AB8251CC0AD0023CB97 /* WidgetDemoTests */,
				19D88AC3251CC0AD0023CB97 /* WidgetDemoUITests */,
				19D88ADF251CC0BF0023CB97 /* XXXWidget */,
				19F07BAF25207D2700249B9F /* AnimalWidget */,
				19D88ADA251CC0BF0023CB97 /* Frameworks */,
				19D88AA0251CC0AB0023CB97 /* Products */,
			);
			sourceTree = "<group>";
		};
		19D88AA0251CC0AB0023CB97 /* Products */ = {
			isa = PBXGroup;
			children = (
				19D88A9F251CC0AB0023CB97 /* WidgetDemo.app */,
				19D88AB5251CC0AD0023CB97 /* WidgetDemoTests.xctest */,
				19D88AC0251CC0AD0023CB97 /* WidgetDemoUITests.xctest */,
				19D88AD9251CC0BF0023CB97 /* XXXWidgetExtension.appex */,
				19F07BAC25207D2700249B9F /* AnimalWidgetExtension.appex */,
			);
			name = Products;
			sourceTree = "<group>";
		};
		19D88AA1251CC0AB0023CB97 /* WidgetDemo */ = {
			isa = PBXGroup;
			children = (
				19D88AA2251CC0AB0023CB97 /* AppDelegate.swift */,
				19D88AA6251CC0AB0023CB97 /* ViewController.swift */,
				1984451E2520253400C5E4F9 /* WidgetLaunchViewController.swift */,
				1984453325202F4400C5E4F9 /* XXXData.swift */,
				19D88AA8251CC0AB0023CB97 /* Main.storyboard */,
				19D88AAB251CC0AD0023CB97 /* Assets.xcassets */,
				19D88AAD251CC0AD0023CB97 /* LaunchScreen.storyboard */,
				19D88AB0251CC0AD0023CB97 /* Info.plist */,
			);
			path = WidgetDemo;
			sourceTree = "<group>";
		};
		19D88AB8251CC0AD0023CB97 /* WidgetDemoTests */ = {
			isa = PBXGroup;
			children = (
				19D88AB9251CC0AD0023CB97 /* WidgetDemoTests.swift */,
				19D88ABB251CC0AD0023CB97 /* Info.plist */,
			);
			path = WidgetDemoTests;
			sourceTree = "<group>";
		};
		19D88AC3251CC0AD0023CB97 /* WidgetDemoUITests */ = {
			isa = PBXGroup;
			children = (
				19D88AC4251CC0AD0023CB97 /* WidgetDemoUITests.swift */,
				19D88AC6251CC0AD0023CB97 /* Info.plist */,
			);
			path = WidgetDemoUITests;
			sourceTree = "<group>";
		};
		19D88ADA251CC0BF0023CB97 /* Frameworks */ = {
			isa = PBXGroup;
			children = (
				19D88ADB251CC0BF0023CB97 /* WidgetKit.framework */,
				19D88ADD251CC0BF0023CB97 /* SwiftUI.framework */,
			);
			name = Frameworks;
			sourceTree = "<group>";
		};
		19D88ADF251CC0BF0023CB97 /* XXXWidget */ = {
			isa = PBXGroup;
			children = (
				19D88AE0251CC0BF0023CB97 /* XXXWidget.swift */,
				19D88AE2251CC0C00023CB97 /* Assets.xcassets */,
				19D88AE4251CC0C00023CB97 /* Info.plist */,
			);
			path = XXXWidget;
			sourceTree = "<group>";
		};
		19F07BAF25207D2700249B9F /* AnimalWidget */ = {
			isa = PBXGroup;
			children = (
				19F07BB325207D2800249B9F /* Assets.xcassets */,
				19F07BB525207D2800249B9F /* Info.plist */,
				19F07BB225207D2700249B9F /* AnimalWidget.intentdefinition */,
				19F07BB025207D2700249B9F /* AnimalWidget.swift */,
				19F07C002520814B00249B9F /* IntentHandler.swift */,
			);
			path = AnimalWidget;
			sourceTree = "<group>";
		};
/* End PBXGroup section */

/* Begin PBXNativeTarget section */
		19D88A9E251CC0AB0023CB97 /* WidgetDemo */ = {
			isa = PBXNativeTarget;
			buildConfigurationList = 19D88AC9251CC0AD0023CB97 /* Build configuration list for PBXNativeTarget "WidgetDemo" */;
			buildPhases = (
				19D88A9B251CC0AB0023CB97 /* Sources */,
				19D88A9C251CC0AB0023CB97 /* Frameworks */,
				19D88A9D251CC0AB0023CB97 /* Resources */,
				19D88AEB251CC0C00023CB97 /* Embed App Extensions */,
			);
			buildRules = (
			);
			dependencies = (
				19D88AE6251CC0C00023CB97 /* PBXTargetDependency */,
				19F07BB925207D2800249B9F /* PBXTargetDependency */,
			);
			name = WidgetDemo;
			productName = WidgetDemo;
			productReference = 19D88A9F251CC0AB0023CB97 /* WidgetDemo.app */;
			productType = "com.apple.product-type.application";
		};
		19D88AB4251CC0AD0023CB97 /* WidgetDemoTests */ = {
			isa = PBXNativeTarget;
			buildConfigurationList = 19D88ACC251CC0AD0023CB97 /* Build configuration list for PBXNativeTarget "WidgetDemoTests" */;
			buildPhases = (
				19D88AB1251CC0AD0023CB97 /* Sources */,
				19D88AB2251CC0AD0023CB97 /* Frameworks */,
				19D88AB3251CC0AD0023CB97 /* Resources */,
			);
			buildRules = (
			);
			dependencies = (
				19D88AB7251CC0AD0023CB97 /* PBXTargetDependency */,
			);
			name = WidgetDemoTests;
			productName = WidgetDemoTests;
			productReference = 19D88AB5251CC0AD0023CB97 /* WidgetDemoTests.xctest */;
			productType = "com.apple.product-type.bundle.unit-test";
		};
		19D88ABF251CC0AD0023CB97 /* WidgetDemoUITests */ = {
			isa = PBXNativeTarget;
			buildConfigurationList = 19D88ACF251CC0AD0023CB97 /* Build configuration list for PBXNativeTarget "WidgetDemoUITests" */;
			buildPhases = (
				19D88ABC251CC0AD0023CB97 /* Sources */,
				19D88ABD251CC0AD0023CB97 /* Frameworks */,
				19D88ABE251CC0AD0023CB97 /* Resources */,
			);
			buildRules = (
			);
			dependencies = (
				19D88AC2251CC0AD0023CB97 /* PBXTargetDependency */,
			);
			name = WidgetDemoUITests;
			productName = WidgetDemoUITests;
			productReference = 19D88AC0251CC0AD0023CB97 /* WidgetDemoUITests.xctest */;
			productType = "com.apple.product-type.bundle.ui-testing";
		};
		19D88AD8251CC0BF0023CB97 /* XXXWidgetExtension */ = {
			isa = PBXNativeTarget;
			buildConfigurationList = 19D88AE8251CC0C00023CB97 /* Build configuration list for PBXNativeTarget "XXXWidgetExtension" */;
			buildPhases = (
				19D88AD5251CC0BF0023CB97 /* Sources */,
				19D88AD6251CC0BF0023CB97 /* Frameworks */,
				19D88AD7251CC0BF0023CB97 /* Resources */,
			);
			buildRules = (
			);
			dependencies = (
			);
			name = XXXWidgetExtension;
			productName = XXXWidgetExtension;
			productReference = 19D88AD9251CC0BF0023CB97 /* XXXWidgetExtension.appex */;
			productType = "com.apple.product-type.app-extension";
		};
		19F07BAB25207D2700249B9F /* AnimalWidgetExtension */ = {
			isa = PBXNativeTarget;
			buildConfigurationList = 19F07BBB25207D2800249B9F /* Build configuration list for PBXNativeTarget "AnimalWidgetExtension" */;
			buildPhases = (
				19F07BA825207D2700249B9F /* Sources */,
				19F07BA925207D2700249B9F /* Frameworks */,
				19F07BAA25207D2700249B9F /* Resources */,
			);
			buildRules = (
			);
			dependencies = (
			);
			name = AnimalWidgetExtension;
			productName = AnimalWidgetExtension;
			productReference = 19F07BAC25207D2700249B9F /* AnimalWidgetExtension.appex */;
			productType = "com.apple.product-type.app-extension";
		};
/* End PBXNativeTarget section */

/* Begin PBXProject section */
		19D88A97251CC0AB0023CB97 /* Project object */ = {
			isa = PBXProject;
			attributes = {
				LastSwiftUpdateCheck = 1220;
				LastUpgradeCheck = 1220;
				TargetAttributes = {
					19D88A9E251CC0AB0023CB97 = {
						CreatedOnToolsVersion = 12.2;
					};
					19D88AB4251CC0AD0023CB97 = {
						CreatedOnToolsVersion = 12.2;
						TestTargetID = 19D88A9E251CC0AB0023CB97;
					};
					19D88ABF251CC0AD0023CB97 = {
						CreatedOnToolsVersion = 12.2;
						TestTargetID = 19D88A9E251CC0AB0023CB97;
					};
					19D88AD8251CC0BF0023CB97 = {
						CreatedOnToolsVersion = 12.2;
					};
					19F07BAB25207D2700249B9F = {
						CreatedOnToolsVersion = 12.2;
					};
				};
			};
			buildConfigurationList = 19D88A9A251CC0AB0023CB97 /* Build configuration list for PBXProject "WidgetDemo" */;
			compatibilityVersion = "Xcode 9.3";
			developmentRegion = en;
			hasScannedForEncodings = 0;
			knownRegions = (
				en,
				Base,
			);
			mainGroup = 19D88A96251CC0AB0023CB97;
			productRefGroup = 19D88AA0251CC0AB0023CB97 /* Products */;
			projectDirPath = "";
			projectRoot = "";
			targets = (
				19D88A9E251CC0AB0023CB97 /* WidgetDemo */,
				19D88AB4251CC0AD0023CB97 /* WidgetDemoTests */,
				19D88ABF251CC0AD0023CB97 /* WidgetDemoUITests */,
				19D88AD8251CC0BF0023CB97 /* XXXWidgetExtension */,
				19F07BAB25207D2700249B9F /* AnimalWidgetExtension */,
			);
		};
/* End PBXProject section */

/* Begin PBXResourcesBuildPhase section */
		19D88A9D251CC0AB0023CB97 /* Resources */ = {
			isa = PBXResourcesBuildPhase;
			buildActionMask = 2147483647;
			files = (
				19D88AAF251CC0AD0023CB97 /* LaunchScreen.storyboard in Resources */,
				19D88AAC251CC0AD0023CB97 /* Assets.xcassets in Resources */,
				19D88AAA251CC0AB0023CB97 /* Main.storyboard in Resources */,
			);
			runOnlyForDeploymentPostprocessing = 0;
		};
		19D88AB3251CC0AD0023CB97 /* Resources */ = {
			isa = PBXResourcesBuildPhase;
			buildActionMask = 2147483647;
			files = (
			);
			runOnlyForDeploymentPostprocessing = 0;
		};
		19D88ABE251CC0AD0023CB97 /* Resources */ = {
			isa = PBXResourcesBuildPhase;
			buildActionMask = 2147483647;
			files = (
			);
			runOnlyForDeploymentPostprocessing = 0;
		};
		19D88AD7251CC0BF0023CB97 /* Resources */ = {
			isa = PBXResourcesBuildPhase;
			buildActionMask = 2147483647;
			files = (
				19D88AE3251CC0C00023CB97 /* Assets.xcassets in Resources */,
			);
			runOnlyForDeploymentPostprocessing = 0;
		};
		19F07BAA25207D2700249B9F /* Resources */ = {
			isa = PBXResourcesBuildPhase;
			buildActionMask = 2147483647;
			files = (
				19F07BB425207D2800249B9F /* Assets.xcassets in Resources */,
			);
			runOnlyForDeploymentPostprocessing = 0;
		};
/* End PBXResourcesBuildPhase section */

/* Begin PBXSourcesBuildPhase section */
		19D88A9B251CC0AB0023CB97 /* Sources */ = {
			isa = PBXSourcesBuildPhase;
			buildActionMask = 2147483647;
			files = (
				19D88AA7251CC0AB0023CB97 /* ViewController.swift in Sources */,
				1984451F2520253400C5E4F9 /* WidgetLaunchViewController.swift in Sources */,
				1984453425202F4400C5E4F9 /* XXXData.swift in Sources */,
				19FDCDAA2521B146001E227F /* AnimalWidget.intentdefinition in Sources */,
				19D88AA3251CC0AB0023CB97 /* AppDelegate.swift in Sources */,
				19FDCE252521D701001E227F /* AnimalWidget.swift in Sources */,
			);
			runOnlyForDeploymentPostprocessing = 0;
		};
		19D88AB1251CC0AD0023CB97 /* Sources */ = {
			isa = PBXSourcesBuildPhase;
			buildActionMask = 2147483647;
			files = (
				19D88ABA251CC0AD0023CB97 /* WidgetDemoTests.swift in Sources */,
			);
			runOnlyForDeploymentPostprocessing = 0;
		};
		19D88ABC251CC0AD0023CB97 /* Sources */ = {
			isa = PBXSourcesBuildPhase;
			buildActionMask = 2147483647;
			files = (
				19D88AC5251CC0AD0023CB97 /* WidgetDemoUITests.swift in Sources */,
			);
			runOnlyForDeploymentPostprocessing = 0;
		};
		19D88AD5251CC0BF0023CB97 /* Sources */ = {
			isa = PBXSourcesBuildPhase;
			buildActionMask = 2147483647;
			files = (
				1984453525202F4400C5E4F9 /* XXXData.swift in Sources */,
				19D88AE1251CC0BF0023CB97 /* XXXWidget.swift in Sources */,
				19E43AD22521888F00D14AFD /* AnimalWidget.intentdefinition in Sources */,
				19FDCDE32521C1C6001E227F /* AnimalWidget.swift in Sources */,
			);
			runOnlyForDeploymentPostprocessing = 0;
		};
		19F07BA825207D2700249B9F /* Sources */ = {
			isa = PBXSourcesBuildPhase;
			buildActionMask = 2147483647;
			files = (
				19E43AC72521888100D14AFD /* AnimalWidget.intentdefinition in Sources */,
				19F07C032520814B00249B9F /* IntentHandler.swift in Sources */,
				19FDCDA125218CE4001E227F /* XXXData.swift in Sources */,
				19F07BB125207D2700249B9F /* AnimalWidget.swift in Sources */,
			);
			runOnlyForDeploymentPostprocessing = 0;
		};
/* End PBXSourcesBuildPhase section */

/* Begin PBXTargetDependency section */
		19D88AB7251CC0AD0023CB97 /* PBXTargetDependency */ = {
			isa = PBXTargetDependency;
			target = 19D88A9E251CC0AB0023CB97 /* WidgetDemo */;
			targetProxy = 19D88AB6251CC0AD0023CB97 /* PBXContainerItemProxy */;
		};
		19D88AC2251CC0AD0023CB97 /* PBXTargetDependency */ = {
			isa = PBXTargetDependency;
			target = 19D88A9E251CC0AB0023CB97 /* WidgetDemo */;
			targetProxy = 19D88AC1251CC0AD0023CB97 /* PBXContainerItemProxy */;
		};
		19D88AE6251CC0C00023CB97 /* PBXTargetDependency */ = {
			isa = PBXTargetDependency;
			target = 19D88AD8251CC0BF0023CB97 /* XXXWidgetExtension */;
			targetProxy = 19D88AE5251CC0C00023CB97 /* PBXContainerItemProxy */;
		};
		19F07BB925207D2800249B9F /* PBXTargetDependency */ = {
			isa = PBXTargetDependency;
			target = 19F07BAB25207D2700249B9F /* AnimalWidgetExtension */;
			targetProxy = 19F07BB825207D2800249B9F /* PBXContainerItemProxy */;
		};
/* End PBXTargetDependency section */

/* Begin PBXVariantGroup section */
		19D88AA8251CC0AB0023CB97 /* Main.storyboard */ = {
			isa = PBXVariantGroup;
			children = (
				19D88AA9251CC0AB0023CB97 /* Base */,
			);
			name = Main.storyboard;
			sourceTree = "<group>";
		};
		19D88AAD251CC0AD0023CB97 /* LaunchScreen.storyboard */ = {
			isa = PBXVariantGroup;
			children = (
				19D88AAE251CC0AD0023CB97 /* Base */,
			);
			name = LaunchScreen.storyboard;
			sourceTree = "<group>";
		};
/* End PBXVariantGroup section */

/* Begin XCBuildConfiguration section */
		19D88AC7251CC0AD0023CB97 /* Debug */ = {
			isa = XCBuildConfiguration;
			buildSettings = {
				ALWAYS_SEARCH_USER_PATHS = NO;
				CLANG_ANALYZER_NONNULL = YES;
				CLANG_ANALYZER_NUMBER_OBJECT_CONVERSION = YES_AGGRESSIVE;
				CLANG_CXX_LANGUAGE_STANDARD = "gnu++14";
				CLANG_CXX_LIBRARY = "libc++";
				CLANG_ENABLE_MODULES = YES;
				CLANG_ENABLE_OBJC_ARC = YES;
				CLANG_ENABLE_OBJC_WEAK = YES;
				CLANG_WARN_BLOCK_CAPTURE_AUTORELEASING = YES;
				CLANG_WARN_BOOL_CONVERSION = YES;
				CLANG_WARN_COMMA = YES;
				CLANG_WARN_CONSTANT_CONVERSION = YES;
				CLANG_WARN_DEPRECATED_OBJC_IMPLEMENTATIONS = YES;
				CLANG_WARN_DIRECT_OBJC_ISA_USAGE = YES_ERROR;
				CLANG_WARN_DOCUMENTATION_COMMENTS = YES;
				CLANG_WARN_EMPTY_BODY = YES;
				CLANG_WARN_ENUM_CONVERSION = YES;
				CLANG_WARN_INFINITE_RECURSION = YES;
				CLANG_WARN_INT_CONVERSION = YES;
				CLANG_WARN_NON_LITERAL_NULL_CONVERSION = YES;
				CLANG_WARN_OBJC_IMPLICIT_RETAIN_SELF = YES;
				CLANG_WARN_OBJC_LITERAL_CONVERSION = YES;
				CLANG_WARN_OBJC_ROOT_CLASS = YES_ERROR;
				CLANG_WARN_QUOTED_INCLUDE_IN_FRAMEWORK_HEADER = YES;
				CLANG_WARN_RANGE_LOOP_ANALYSIS = YES;
				CLANG_WARN_STRICT_PROTOTYPES = YES;
				CLANG_WARN_SUSPICIOUS_MOVE = YES;
				CLANG_WARN_UNGUARDED_AVAILABILITY = YES_AGGRESSIVE;
				CLANG_WARN_UNREACHABLE_CODE = YES;
				CLANG_WARN__DUPLICATE_METHOD_MATCH = YES;
				COPY_PHASE_STRIP = NO;
				DEBUG_INFORMATION_FORMAT = dwarf;
				ENABLE_STRICT_OBJC_MSGSEND = YES;
				ENABLE_TESTABILITY = YES;
				GCC_C_LANGUAGE_STANDARD = gnu11;
				GCC_DYNAMIC_NO_PIC = NO;
				GCC_NO_COMMON_BLOCKS = YES;
				GCC_OPTIMIZATION_LEVEL = 0;
				GCC_PREPROCESSOR_DEFINITIONS = (
					"DEBUG=1",
					"$(inherited)",
				);
				GCC_WARN_64_TO_32_BIT_CONVERSION = YES;
				GCC_WARN_ABOUT_RETURN_TYPE = YES_ERROR;
				GCC_WARN_UNDECLARED_SELECTOR = YES;
				GCC_WARN_UNINITIALIZED_AUTOS = YES_AGGRESSIVE;
				GCC_WARN_UNUSED_FUNCTION = YES;
				GCC_WARN_UNUSED_VARIABLE = YES;
				IPHONEOS_DEPLOYMENT_TARGET = 14.2;
				MTL_ENABLE_DEBUG_INFO = INCLUDE_SOURCE;
				MTL_FAST_MATH = YES;
				ONLY_ACTIVE_ARCH = YES;
				SDKROOT = iphoneos;
				SWIFT_ACTIVE_COMPILATION_CONDITIONS = DEBUG;
				SWIFT_OPTIMIZATION_LEVEL = "-Onone";
			};
			name = Debug;
		};
		19D88AC8251CC0AD0023CB97 /* Release */ = {
			isa = XCBuildConfiguration;
			buildSettings = {
				ALWAYS_SEARCH_USER_PATHS = NO;
				CLANG_ANALYZER_NONNULL = YES;
				CLANG_ANALYZER_NUMBER_OBJECT_CONVERSION = YES_AGGRESSIVE;
				CLANG_CXX_LANGUAGE_STANDARD = "gnu++14";
				CLANG_CXX_LIBRARY = "libc++";
				CLANG_ENABLE_MODULES = YES;
				CLANG_ENABLE_OBJC_ARC = YES;
				CLANG_ENABLE_OBJC_WEAK = YES;
				CLANG_WARN_BLOCK_CAPTURE_AUTORELEASING = YES;
				CLANG_WARN_BOOL_CONVERSION = YES;
				CLANG_WARN_COMMA = YES;
				CLANG_WARN_CONSTANT_CONVERSION = YES;
				CLANG_WARN_DEPRECATED_OBJC_IMPLEMENTATIONS = YES;
				CLANG_WARN_DIRECT_OBJC_ISA_USAGE = YES_ERROR;
				CLANG_WARN_DOCUMENTATION_COMMENTS = YES;
				CLANG_WARN_EMPTY_BODY = YES;
				CLANG_WARN_ENUM_CONVERSION = YES;
				CLANG_WARN_INFINITE_RECURSION = YES;
				CLANG_WARN_INT_CONVERSION = YES;
				CLANG_WARN_NON_LITERAL_NULL_CONVERSION = YES;
				CLANG_WARN_OBJC_IMPLICIT_RETAIN_SELF = YES;
				CLANG_WARN_OBJC_LITERAL_CONVERSION = YES;
				CLANG_WARN_OBJC_ROOT_CLASS = YES_ERROR;
				CLANG_WARN_QUOTED_INCLUDE_IN_FRAMEWORK_HEADER = YES;
				CLANG_WARN_RANGE_LOOP_ANALYSIS = YES;
				CLANG_WARN_STRICT_PROTOTYPES = YES;
				CLANG_WARN_SUSPICIOUS_MOVE = YES;
				CLANG_WARN_UNGUARDED_AVAILABILITY = YES_AGGRESSIVE;
				CLANG_WARN_UNREACHABLE_CODE = YES;
				CLANG_WARN__DUPLICATE_METHOD_MATCH = YES;
				COPY_PHASE_STRIP = NO;
				DEBUG_INFORMATION_FORMAT = "dwarf-with-dsym";
				ENABLE_NS_ASSERTIONS = NO;
				ENABLE_STRICT_OBJC_MSGSEND = YES;
				GCC_C_LANGUAGE_STANDARD = gnu11;
				GCC_NO_COMMON_BLOCKS = YES;
				GCC_WARN_64_TO_32_BIT_CONVERSION = YES;
				GCC_WARN_ABOUT_RETURN_TYPE = YES_ERROR;
				GCC_WARN_UNDECLARED_SELECTOR = YES;
				GCC_WARN_UNINITIALIZED_AUTOS = YES_AGGRESSIVE;
				GCC_WARN_UNUSED_FUNCTION = YES;
				GCC_WARN_UNUSED_VARIABLE = YES;
				IPHONEOS_DEPLOYMENT_TARGET = 14.2;
				MTL_ENABLE_DEBUG_INFO = NO;
				MTL_FAST_MATH = YES;
				SDKROOT = iphoneos;
				SWIFT_COMPILATION_MODE = wholemodule;
				SWIFT_OPTIMIZATION_LEVEL = "-O";
				VALIDATE_PRODUCT = YES;
			};
			name = Release;
		};
		19D88ACA251CC0AD0023CB97 /* Debug */ = {
			isa = XCBuildConfiguration;
			buildSettings = {
				ALWAYS_EMBED_SWIFT_STANDARD_LIBRARIES = YES;
				ASSETCATALOG_COMPILER_APPICON_NAME = AppIcon;
				ASSETCATALOG_COMPILER_GLOBAL_ACCENT_COLOR_NAME = AccentColor;
				CODE_SIGN_STYLE = Automatic;
				DEVELOPMENT_TEAM = 2YN4UPAGRL;
				INFOPLIST_FILE = WidgetDemo/Info.plist;
				IPHONEOS_DEPLOYMENT_TARGET = 14.0;
				LD_RUNPATH_SEARCH_PATHS = (
					"$(inherited)",
					"@executable_path/Frameworks",
				);
				PRODUCT_BUNDLE_IDENTIFIER = com.xxxwidgetDemo;
				PRODUCT_NAME = "$(TARGET_NAME)";
				SWIFT_VERSION = 5.0;
				TARGETED_DEVICE_FAMILY = "1,2";
			};
			name = Debug;
		};
		19D88ACB251CC0AD0023CB97 /* Release */ = {
			isa = XCBuildConfiguration;
			buildSettings = {
				ALWAYS_EMBED_SWIFT_STANDARD_LIBRARIES = YES;
				ASSETCATALOG_COMPILER_APPICON_NAME = AppIcon;
				ASSETCATALOG_COMPILER_GLOBAL_ACCENT_COLOR_NAME = AccentColor;
				CODE_SIGN_STYLE = Automatic;
				DEVELOPMENT_TEAM = 2YN4UPAGRL;
				INFOPLIST_FILE = WidgetDemo/Info.plist;
				IPHONEOS_DEPLOYMENT_TARGET = 14.0;
				LD_RUNPATH_SEARCH_PATHS = (
					"$(inherited)",
					"@executable_path/Frameworks",
				);
				PRODUCT_BUNDLE_IDENTIFIER = com.xxxwidgetDemo;
				PRODUCT_NAME = "$(TARGET_NAME)";
				SWIFT_VERSION = 5.0;
				TARGETED_DEVICE_FAMILY = "1,2";
			};
			name = Release;
		};
		19D88ACD251CC0AD0023CB97 /* Debug */ = {
			isa = XCBuildConfiguration;
			buildSettings = {
				ALWAYS_EMBED_SWIFT_STANDARD_LIBRARIES = YES;
				BUNDLE_LOADER = "$(TEST_HOST)";
				CODE_SIGN_STYLE = Automatic;
				INFOPLIST_FILE = WidgetDemoTests/Info.plist;
				IPHONEOS_DEPLOYMENT_TARGET = 14.2;
				LD_RUNPATH_SEARCH_PATHS = (
					"$(inherited)",
					"@executable_path/Frameworks",
					"@loader_path/Frameworks",
				);
				PRODUCT_BUNDLE_IDENTIFIER = com.xxx.WidgetDemo.WidgetDemoTests;
				PRODUCT_NAME = "$(TARGET_NAME)";
				SWIFT_VERSION = 5.0;
				TARGETED_DEVICE_FAMILY = "1,2";
				TEST_HOST = "$(BUILT_PRODUCTS_DIR)/WidgetDemo.app/WidgetDemo";
			};
			name = Debug;
		};
		19D88ACE251CC0AD0023CB97 /* Release */ = {
			isa = XCBuildConfiguration;
			buildSettings = {
				ALWAYS_EMBED_SWIFT_STANDARD_LIBRARIES = YES;
				BUNDLE_LOADER = "$(TEST_HOST)";
				CODE_SIGN_STYLE = Automatic;
				INFOPLIST_FILE = WidgetDemoTests/Info.plist;
				IPHONEOS_DEPLOYMENT_TARGET = 14.2;
				LD_RUNPATH_SEARCH_PATHS = (
					"$(inherited)",
					"@executable_path/Frameworks",
					"@loader_path/Frameworks",
				);
				PRODUCT_BUNDLE_IDENTIFIER = com.xxx.WidgetDemo.WidgetDemoTests;
				PRODUCT_NAME = "$(TARGET_NAME)";
				SWIFT_VERSION = 5.0;
				TARGETED_DEVICE_FAMILY = "1,2";
				TEST_HOST = "$(BUILT_PRODUCTS_DIR)/WidgetDemo.app/WidgetDemo";
			};
			name = Release;
		};
		19D88AD0251CC0AD0023CB97 /* Debug */ = {
			isa = XCBuildConfiguration;
			buildSettings = {
				ALWAYS_EMBED_SWIFT_STANDARD_LIBRARIES = YES;
				CODE_SIGN_STYLE = Automatic;
				INFOPLIST_FILE = WidgetDemoUITests/Info.plist;
				LD_RUNPATH_SEARCH_PATHS = (
					"$(inherited)",
					"@executable_path/Frameworks",
					"@loader_path/Frameworks",
				);
				PRODUCT_BUNDLE_IDENTIFIER = com.xxx.WidgetDemo.WidgetDemoUITests;
				PRODUCT_NAME = "$(TARGET_NAME)";
				SWIFT_VERSION = 5.0;
				TARGETED_DEVICE_FAMILY = "1,2";
				TEST_TARGET_NAME = WidgetDemo;
			};
			name = Debug;
		};
		19D88AD1251CC0AD0023CB97 /* Release */ = {
			isa = XCBuildConfiguration;
			buildSettings = {
				ALWAYS_EMBED_SWIFT_STANDARD_LIBRARIES = YES;
				CODE_SIGN_STYLE = Automatic;
				INFOPLIST_FILE = WidgetDemoUITests/Info.plist;
				LD_RUNPATH_SEARCH_PATHS = (
					"$(inherited)",
					"@executable_path/Frameworks",
					"@loader_path/Frameworks",
				);
				PRODUCT_BUNDLE_IDENTIFIER = com.xxx.WidgetDemo.WidgetDemoUITests;
				PRODUCT_NAME = "$(TARGET_NAME)";
				SWIFT_VERSION = 5.0;
				TARGETED_DEVICE_FAMILY = "1,2";
				TEST_TARGET_NAME = WidgetDemo;
			};
			name = Release;
		};
		19D88AE9251CC0C00023CB97 /* Debug */ = {
			isa = XCBuildConfiguration;
			buildSettings = {
				ASSETCATALOG_COMPILER_GLOBAL_ACCENT_COLOR_NAME = AccentColor;
				ASSETCATALOG_COMPILER_WIDGET_BACKGROUND_COLOR_NAME = WidgetBackground;
				CODE_SIGN_STYLE = Automatic;
				DEVELOPMENT_TEAM = 2YN4UPAGRL;
				INFOPLIST_FILE = XXXWidget/Info.plist;
				IPHONEOS_DEPLOYMENT_TARGET = 14.0;
				LD_RUNPATH_SEARCH_PATHS = (
					"$(inherited)",
					"@executable_path/Frameworks",
					"@executable_path/../../Frameworks",
				);
				PRODUCT_BUNDLE_IDENTIFIER = com.xxxwidgetDemo.xxx;
				PRODUCT_NAME = "$(TARGET_NAME)";
				SKIP_INSTALL = YES;
				SWIFT_VERSION = 5.0;
				TARGETED_DEVICE_FAMILY = "1,2";
			};
			name = Debug;
		};
		19D88AEA251CC0C00023CB97 /* Release */ = {
			isa = XCBuildConfiguration;
			buildSettings = {
				ASSETCATALOG_COMPILER_GLOBAL_ACCENT_COLOR_NAME = AccentColor;
				ASSETCATALOG_COMPILER_WIDGET_BACKGROUND_COLOR_NAME = WidgetBackground;
				CODE_SIGN_STYLE = Automatic;
				DEVELOPMENT_TEAM = 2YN4UPAGRL;
				INFOPLIST_FILE = XXXWidget/Info.plist;
				IPHONEOS_DEPLOYMENT_TARGET = 14.0;
				LD_RUNPATH_SEARCH_PATHS = (
					"$(inherited)",
					"@executable_path/Frameworks",
					"@executable_path/../../Frameworks",
				);
				PRODUCT_BUNDLE_IDENTIFIER = com.xxxwidgetDemo.xxx;
				PRODUCT_NAME = "$(TARGET_NAME)";
				SKIP_INSTALL = YES;
				SWIFT_VERSION = 5.0;
				TARGETED_DEVICE_FAMILY = "1,2";
			};
			name = Release;
		};
		19F07BBC25207D2800249B9F /* Debug */ = {
			isa = XCBuildConfiguration;
			buildSettings = {
				ASSETCATALOG_COMPILER_GLOBAL_ACCENT_COLOR_NAME = AccentColor;
				ASSETCATALOG_COMPILER_WIDGET_BACKGROUND_COLOR_NAME = WidgetBackground;
				CODE_SIGN_STYLE = Automatic;
				DEVELOPMENT_TEAM = 2YN4UPAGRL;
				INFOPLIST_FILE = AnimalWidget/Info.plist;
				IPHONEOS_DEPLOYMENT_TARGET = 14.0;
				LD_RUNPATH_SEARCH_PATHS = (
					"$(inherited)",
					"@executable_path/Frameworks",
					"@executable_path/../../Frameworks",
				);
				PRODUCT_BUNDLE_IDENTIFIER = com.xxxwidgetDemo.AnimalWidget;
				PRODUCT_NAME = "$(TARGET_NAME)";
				SKIP_INSTALL = YES;
				SWIFT_VERSION = 5.0;
				TARGETED_DEVICE_FAMILY = "1,2";
			};
			name = Debug;
		};
		19F07BBD25207D2800249B9F /* Release */ = {
			isa = XCBuildConfiguration;
			buildSettings = {
				ASSETCATALOG_COMPILER_GLOBAL_ACCENT_COLOR_NAME = AccentColor;
				ASSETCATALOG_COMPILER_WIDGET_BACKGROUND_COLOR_NAME = WidgetBackground;
				CODE_SIGN_STYLE = Automatic;
				DEVELOPMENT_TEAM = 2YN4UPAGRL;
				INFOPLIST_FILE = AnimalWidget/Info.plist;
				IPHONEOS_DEPLOYMENT_TARGET = 14.0;
				LD_RUNPATH_SEARCH_PATHS = (
					"$(inherited)",
					"@executable_path/Frameworks",
					"@executable_path/../../Frameworks",
				);
				PRODUCT_BUNDLE_IDENTIFIER = com.xxxwidgetDemo.AnimalWidget;
				PRODUCT_NAME = "$(TARGET_NAME)";
				SKIP_INSTALL = YES;
				SWIFT_VERSION = 5.0;
				TARGETED_DEVICE_FAMILY = "1,2";
			};
			name = Release;
		};
/* End XCBuildConfiguration section */

/* Begin XCConfigurationList section */
		19D88A9A251CC0AB0023CB97 /* Build configuration list for PBXProject "WidgetDemo" */ = {
			isa = XCConfigurationList;
			buildConfigurations = (
				19D88AC7251CC0AD0023CB97 /* Debug */,
				19D88AC8251CC0AD0023CB97 /* Release */,
			);
			defaultConfigurationIsVisible = 0;
			defaultConfigurationName = Release;
		};
		19D88AC9251CC0AD0023CB97 /* Build configuration list for PBXNativeTarget "WidgetDemo" */ = {
			isa = XCConfigurationList;
			buildConfigurations = (
				19D88ACA251CC0AD0023CB97 /* Debug */,
				19D88ACB251CC0AD0023CB97 /* Release */,
			);
			defaultConfigurationIsVisible = 0;
			defaultConfigurationName = Release;
		};
		19D88ACC251CC0AD0023CB97 /* Build configuration list for PBXNativeTarget "WidgetDemoTests" */ = {
			isa = XCConfigurationList;
			buildConfigurations = (
				19D88ACD251CC0AD0023CB97 /* Debug */,
				19D88ACE251CC0AD0023CB97 /* Release */,
			);
			defaultConfigurationIsVisible = 0;
			defaultConfigurationName = Release;
		};
		19D88ACF251CC0AD0023CB97 /* Build configuration list for PBXNativeTarget "WidgetDemoUITests" */ = {
			isa = XCConfigurationList;
			buildConfigurations = (
				19D88AD0251CC0AD0023CB97 /* Debug */,
				19D88AD1251CC0AD0023CB97 /* Release */,
			);
			defaultConfigurationIsVisible = 0;
			defaultConfigurationName = Release;
		};
		19D88AE8251CC0C00023CB97 /* Build configuration list for PBXNativeTarget "XXXWidgetExtension" */ = {
			isa = XCConfigurationList;
			buildConfigurations = (
				19D88AE9251CC0C00023CB97 /* Debug */,
				19D88AEA251CC0C00023CB97 /* Release */,
			);
			defaultConfigurationIsVisible = 0;
			defaultConfigurationName = Release;
		};
		19F07BBB25207D2800249B9F /* Build configuration list for PBXNativeTarget "AnimalWidgetExtension" */ = {
			isa = XCConfigurationList;
			buildConfigurations = (
				19F07BBC25207D2800249B9F /* Debug */,
				19F07BBD25207D2800249B9F /* Release */,
			);
			defaultConfigurationIsVisible = 0;
			defaultConfigurationName = Release;
		};
/* End XCConfigurationList section */
	};
	rootObject = 19D88A97251CC0AB0023CB97 /* Project object */;
}
